
Microsoft Visual Studio Solution File, Format Version 12.00
# Visual Studio 14
VisualStudioVersion = 14.0.25420.1
MinimumVisualStudioVersion = 10.0.40219.1
Project("{FAE04EC0-301F-11D3-BF4B-00C04F79EFBC}") = "XamarinListViewSample", "XamarinListViewSample\XamarinListViewSample\XamarinListViewSample.csproj", "{DF4B77E0-2B80-4A7D-BE8C-9019C89F8504}"
EndProject
Project("{FAE04EC0-301F-11D3-BF4B-00C04F79EFBC}") = "XamarinListViewSample.Droid", "XamarinListViewSample\XamarinListViewSample.Droid\XamarinListViewSample.Droid.csproj", "{01B1ED5E-5A3C-4B4D-BCE7-9F4DC98B6613}"
EndProject
Project("{FAE04EC0-301F-11D3-BF4B-00C04F79EFBC}") = "XamarinListViewSample.iOS", "XamarinListViewSample\XamarinListViewSample.iOS\XamarinListViewSample.iOS.csproj", "{5F3624FF-F0EA-4C00-829C-84FDB8530B85}"
EndProject
Project("{FAE04EC0-301F-11D3-BF4B-00C04F79EFBC}") = "XamarinListViewSample.WinPhone", "XamarinListViewSample\XamarinListViewSample.WinPhone\XamarinListViewSample.WinPhone.csproj", "{38FCD057-689E-47EC-9A6F-75E4F4A9A94F}"
EndProject
Project("{FAE04EC0-301F-11D3-BF4B-00C04F79EFBC}") = "XamarinListViewSample.UWP", "XamarinListViewSample\XamarinListViewSample.UWP\XamarinListViewSample.UWP.csproj", "{93650ABC-2801-40EA-91F0-145270685256}"
EndProject
Project("{FAE04EC0-301F-11D3-BF4B-00C04F79EFBC}") = "XamarinListViewSample.Windows", "XamarinListViewSample\XamarinListViewSample.Windows\XamarinListViewSample.Windows.csproj", "{B8594004-DD3C-48A6-9D51-E5F8D0F75CA0}"
EndProject
Global
	GlobalSection(SolutionConfigurationPlatforms) = preSolution
		Ad-Hoc|Any CPU = Ad-Hoc|Any CPU
		Ad-Hoc|ARM = Ad-Hoc|ARM
		Ad-Hoc|iPhone = Ad-Hoc|iPhone
		Ad-Hoc|iPhoneSimulator = Ad-Hoc|iPhoneSimulator
		Ad-Hoc|x64 = Ad-Hoc|x64
		Ad-Hoc|x86 = Ad-Hoc|x86
		AppStore|Any CPU = AppStore|Any CPU
		AppStore|ARM = AppStore|ARM
		AppStore|iPhone = AppStore|iPhone
		AppStore|iPhoneSimulator = AppStore|iPhoneSimulator
		AppStore|x64 = AppStore|x64
		AppStore|x86 = AppStore|x86
		Debug|Any CPU = Debug|Any CPU
		Debug|ARM = Debug|ARM
		Debug|iPhone = Debug|iPhone
		Debug|iPhoneSimulator = Debug|iPhoneSimulator
		Debug|x64 = Debug|x64
		Debug|x86 = Debug|x86
		Release|Any CPU = Release|Any CPU
		Release|ARM = Release|ARM
		Release|iPhone = Release|iPhone
		Release|iPhoneSimulator = Release|iPhoneSimulator
		Release|x64 = Release|x64
		Release|x86 = Release|x86
	EndGlobalSection
	GlobalSection(ProjectConfigurationPlatforms) = postSolution
		{DF4B77E0-2B80-4A7D-BE8C-9019C89F8504}.Ad-Hoc|Any CPU.ActiveCfg = Release|Any CPU
		{DF4B77E0-2B80-4A7D-BE8C-9019C89F8504}.Ad-Hoc|Any CPU.Build.0 = Release|Any CPU
		{DF4B77E0-2B80-4A7D-BE8C-9019C89F8504}.Ad-Hoc|ARM.ActiveCfg = Release|Any CPU
		{DF4B77E0-2B80-4A7D-BE8C-9019C89F8504}.Ad-Hoc|ARM.Build.0 = Release|Any CPU
		{DF4B77E0-2B80-4A7D-BE8C-9019C89F8504}.Ad-Hoc|iPhone.ActiveCfg = Release|Any CPU
		{DF4B77E0-2B80-4A7D-BE8C-9019C89F8504}.Ad-Hoc|iPhone.Build.0 = Release|Any CPU
		{DF4B77E0-2B80-4A7D-BE8C-9019C89F8504}.Ad-Hoc|iPhoneSimulator.ActiveCfg = Release|Any CPU
		{DF4B77E0-2B80-4A7D-BE8C-9019C89F8504}.Ad-Hoc|iPhoneSimulator.Build.0 = Release|Any CPU
		{DF4B77E0-2B80-4A7D-BE8C-9019C89F8504}.Ad-Hoc|x64.ActiveCfg = Release|Any CPU
		{DF4B77E0-2B80-4A7D-BE8C-9019C89F8504}.Ad-Hoc|x64.Build.0 = Release|Any CPU
		{DF4B77E0-2B80-4A7D-BE8C-9019C89F8504}.Ad-Hoc|x86.ActiveCfg = Release|Any CPU
		{DF4B77E0-2B80-4A7D-BE8C-9019C89F8504}.Ad-Hoc|x86.Build.0 = Release|Any CPU
		{DF4B77E0-2B80-4A7D-BE8C-9019C89F8504}.AppStore|Any CPU.ActiveCfg = Release|Any CPU
		{DF4B77E0-2B80-4A7D-BE8C-9019C89F8504}.AppStore|Any CPU.Build.0 = Release|Any CPU
		{DF4B77E0-2B80-4A7D-BE8C-9019C89F8504}.AppStore|ARM.ActiveCfg = Release|Any CPU
		{DF4B77E0-2B80-4A7D-BE8C-9019C89F8504}.AppStore|ARM.Build.0 = Release|Any CPU
		{DF4B77E0-2B80-4A7D-BE8C-9019C89F8504}.AppStore|iPhone.ActiveCfg = Release|Any CPU
		{DF4B77E0-2B80-4A7D-BE8C-9019C89F8504}.AppStore|iPhone.Build.0 = Release|Any CPU
		{DF4B77E0-2B80-4A7D-BE8C-9019C89F8504}.AppStore|iPhoneSimulator.ActiveCfg = Release|Any CPU
		{DF4B77E0-2B80-4A7D-BE8C-9019C89F8504}.AppStore|iPhoneSimulator.Build.0 = Release|Any CPU
		{DF4B77E0-2B80-4A7D-BE8C-9019C89F8504}.AppStore|x64.ActiveCfg = Release|Any CPU
		{DF4B77E0-2B80-4A7D-BE8C-9019C89F8504}.AppStore|x64.Build.0 = Release|Any CPU
		{DF4B77E0-2B80-4A7D-BE8C-9019C89F8504}.AppStore|x86.ActiveCfg = Release|Any CPU
		{DF4B77E0-2B80-4A7D-BE8C-9019C89F8504}.AppStore|x86.Build.0 = Release|Any CPU
		{DF4B77E0-2B80-4A7D-BE8C-9019C89F8504}.Debug|Any CPU.ActiveCfg = Debug|Any CPU
		{DF4B77E0-2B80-4A7D-BE8C-9019C89F8504}.Debug|Any CPU.Build.0 = Debug|Any CPU
		{DF4B77E0-2B80-4A7D-BE8C-9019C89F8504}.Debug|ARM.ActiveCfg = Debug|Any CPU
		{DF4B77E0-2B80-4A7D-BE8C-9019C89F8504}.Debug|ARM.Build.0 = Debug|Any CPU
		{DF4B77E0-2B80-4A7D-BE8C-9019C89F8504}.Debug|iPhone.ActiveCfg = Debug|Any CPU
		{DF4B77E0-2B80-4A7D-BE8C-9019C89F8504}.Debug|iPhone.Build.0 = Debug|Any CPU
		{DF4B77E0-2B80-4A7D-BE8C-9019C89F8504}.Debug|iPhoneSimulator.ActiveCfg = Debug|Any CPU
		{DF4B77E0-2B80-4A7D-BE8C-9019C89F8504}.Debug|iPhoneSimulator.Build.0 = Debug|Any CPU
		{DF4B77E0-2B80-4A7D-BE8C-9019C89F8504}.Debug|x64.ActiveCfg = Debug|Any CPU
		{DF4B77E0-2B80-4A7D-BE8C-9019C89F8504}.Debug|x64.Build.0 = Debug|Any CPU
		{DF4B77E0-2B80-4A7D-BE8C-9019C89F8504}.Debug|x86.ActiveCfg = Debug|Any CPU
		{DF4B77E0-2B80-4A7D-BE8C-9019C89F8504}.Debug|x86.Build.0 = Debug|Any CPU
		{DF4B77E0-2B80-4A7D-BE8C-9019C89F8504}.Release|Any CPU.ActiveCfg = Release|Any CPU
		{DF4B77E0-2B80-4A7D-BE8C-9019C89F8504}.Release|Any CPU.Build.0 = Release|Any CPU
		{DF4B77E0-2B80-4A7D-BE8C-9019C89F8504}.Release|ARM.ActiveCfg = Release|Any CPU
		{DF4B77E0-2B80-4A7D-BE8C-9019C89F8504}.Release|ARM.Build.0 = Release|Any CPU
		{DF4B77E0-2B80-4A7D-BE8C-9019C89F8504}.Release|iPhone.ActiveCfg = Release|Any CPU
		{DF4B77E0-2B80-4A7D-BE8C-9019C89F8504}.Release|iPhone.Build.0 = Release|Any CPU
		{DF4B77E0-2B80-4A7D-BE8C-9019C89F8504}.Release|iPhoneSimulator.ActiveCfg = Release|Any CPU
		{DF4B77E0-2B80-4A7D-BE8C-9019C89F8504}.Release|iPhoneSimulator.Build.0 = Release|Any CPU
		{DF4B77E0-2B80-4A7D-BE8C-9019C89F8504}.Release|x64.ActiveCfg = Release|Any CPU
		{DF4B77E0-2B80-4A7D-BE8C-9019C89F8504}.Release|x64.Build.0 = Release|Any CPU
		{DF4B77E0-2B80-4A7D-BE8C-9019C89F8504}.Release|x86.ActiveCfg = Release|Any CPU
		{DF4B77E0-2B80-4A7D-BE8C-9019C89F8504}.Release|x86.Build.0 = Release|Any CPU
		{01B1ED5E-5A3C-4B4D-BCE7-9F4DC98B6613}.Ad-Hoc|Any CPU.ActiveCfg = Release|Any CPU
		{01B1ED5E-5A3C-4B4D-BCE7-9F4DC98B6613}.Ad-Hoc|Any CPU.Build.0 = Release|Any CPU
		{01B1ED5E-5A3C-4B4D-BCE7-9F4DC98B6613}.Ad-Hoc|Any CPU.Deploy.0 = Release|Any CPU
		{01B1ED5E-5A3C-4B4D-BCE7-9F4DC98B6613}.Ad-Hoc|ARM.ActiveCfg = Release|Any CPU
		{01B1ED5E-5A3C-4B4D-BCE7-9F4DC98B6613}.Ad-Hoc|ARM.Build.0 = Release|Any CPU
		{01B1ED5E-5A3C-4B4D-BCE7-9F4DC98B6613}.Ad-Hoc|ARM.Deploy.0 = Release|Any CPU
		{01B1ED5E-5A3C-4B4D-BCE7-9F4DC98B6613}.Ad-Hoc|iPhone.ActiveCfg = Release|Any CPU
		{01B1ED5E-5A3C-4B4D-BCE7-9F4DC98B6613}.Ad-Hoc|iPhone.Build.0 = Release|Any CPU
		{01B1ED5E-5A3C-4B4D-BCE7-9F4DC98B6613}.Ad-Hoc|iPhone.Deploy.0 = Release|Any CPU
		{01B1ED5E-5A3C-4B4D-BCE7-9F4DC98B6613}.Ad-Hoc|iPhoneSimulator.ActiveCfg = Release|Any CPU
		{01B1ED5E-5A3C-4B4D-BCE7-9F4DC98B6613}.Ad-Hoc|iPhoneSimulator.Build.0 = Release|Any CPU
		{01B1ED5E-5A3C-4B4D-BCE7-9F4DC98B6613}.Ad-Hoc|iPhoneSimulator.Deploy.0 = Release|Any CPU
		{01B1ED5E-5A3C-4B4D-BCE7-9F4DC98B6613}.Ad-Hoc|x64.ActiveCfg = Release|Any CPU
		{01B1ED5E-5A3C-4B4D-BCE7-9F4DC98B6613}.Ad-Hoc|x64.Build.0 = Release|Any CPU
		{01B1ED5E-5A3C-4B4D-BCE7-9F4DC98B6613}.Ad-Hoc|x64.Deploy.0 = Release|Any CPU
		{01B1ED5E-5A3C-4B4D-BCE7-9F4DC98B6613}.Ad-Hoc|x86.ActiveCfg = Release|Any CPU
		{01B1ED5E-5A3C-4B4D-BCE7-9F4DC98B6613}.Ad-Hoc|x86.Build.0 = Release|Any CPU
		{01B1ED5E-5A3C-4B4D-BCE7-9F4DC98B6613}.Ad-Hoc|x86.Deploy.0 = Release|Any CPU
		{01B1ED5E-5A3C-4B4D-BCE7-9F4DC98B6613}.AppStore|Any CPU.ActiveCfg = Release|Any CPU
		{01B1ED5E-5A3C-4B4D-BCE7-9F4DC98B6613}.AppStore|Any CPU.Build.0 = Release|Any CPU
		{01B1ED5E-5A3C-4B4D-BCE7-9F4DC98B6613}.AppStore|Any CPU.Deploy.0 = Release|Any CPU
		{01B1ED5E-5A3C-4B4D-BCE7-9F4DC98B6613}.AppStore|ARM.ActiveCfg = Release|Any CPU
		{01B1ED5E-5A3C-4B4D-BCE7-9F4DC98B6613}.AppStore|ARM.Build.0 = Release|Any CPU
		{01B1ED5E-5A3C-4B4D-BCE7-9F4DC98B6613}.AppStore|ARM.Deploy.0 = Release|Any CPU
		{01B1ED5E-5A3C-4B4D-BCE7-9F4DC98B6613}.AppStore|iPhone.ActiveCfg = Release|Any CPU
		{01B1ED5E-5A3C-4B4D-BCE7-9F4DC98B6613}.AppStore|iPhone.Build.0 = Release|Any CPU
		{01B1ED5E-5A3C-4B4D-BCE7-9F4DC98B6613}.AppStore|iPhone.Deploy.0 = Release|Any CPU
		{01B1ED5E-5A3C-4B4D-BCE7-9F4DC98B6613}.AppStore|iPhoneSimulator.ActiveCfg = Release|Any CPU
		{01B1ED5E-5A3C-4B4D-BCE7-9F4DC98B6613}.AppStore|iPhoneSimulator.Build.0 = Release|Any CPU
		{01B1ED5E-5A3C-4B4D-BCE7-9F4DC98B6613}.AppStore|iPhoneSimulator.Deploy.0 = Release|Any CPU
		{01B1ED5E-5A3C-4B4D-BCE7-9F4DC98B6613}.AppStore|x64.ActiveCfg = Release|Any CPU
		{01B1ED5E-5A3C-4B4D-BCE7-9F4DC98B6613}.AppStore|x64.Build.0 = Release|Any CPU
		{01B1ED5E-5A3C-4B4D-BCE7-9F4DC98B6613}.AppStore|x64.Deploy.0 = Release|Any CPU
		{01B1ED5E-5A3C-4B4D-BCE7-9F4DC98B6613}.AppStore|x86.ActiveCfg = Release|Any CPU
		{01B1ED5E-5A3C-4B4D-BCE7-9F4DC98B6613}.AppStore|x86.Build.0 = Release|Any CPU
		{01B1ED5E-5A3C-4B4D-BCE7-9F4DC98B6613}.AppStore|x86.Deploy.0 = Release|Any CPU
		{01B1ED5E-5A3C-4B4D-BCE7-9F4DC98B6613}.Debug|Any CPU.ActiveCfg = Debug|Any CPU
		{01B1ED5E-5A3C-4B4D-BCE7-9F4DC98B6613}.Debug|Any CPU.Build.0 = Debug|Any CPU
		{01B1ED5E-5A3C-4B4D-BCE7-9F4DC98B6613}.Debug|Any CPU.Deploy.0 = Debug|Any CPU
		{01B1ED5E-5A3C-4B4D-BCE7-9F4DC98B6613}.Debug|ARM.ActiveCfg = Debug|Any CPU
		{01B1ED5E-5A3C-4B4D-BCE7-9F4DC98B6613}.Debug|ARM.Build.0 = Debug|Any CPU
		{01B1ED5E-5A3C-4B4D-BCE7-9F4DC98B6613}.Debug|ARM.Deploy.0 = Debug|Any CPU
		{01B1ED5E-5A3C-4B4D-BCE7-9F4DC98B6613}.Debug|iPhone.ActiveCfg = Debug|Any CPU
		{01B1ED5E-5A3C-4B4D-BCE7-9F4DC98B6613}.Debug|iPhone.Build.0 = Debug|Any CPU
		{01B1ED5E-5A3C-4B4D-BCE7-9F4DC98B6613}.Debug|iPhone.Deploy.0 = Debug|Any CPU
		{01B1ED5E-5A3C-4B4D-BCE7-9F4DC98B6613}.Debug|iPhoneSimulator.ActiveCfg = Debug|Any CPU
		{01B1ED5E-5A3C-4B4D-BCE7-9F4DC98B6613}.Debug|iPhoneSimulator.Build.0 = Debug|Any CPU
		{01B1ED5E-5A3C-4B4D-BCE7-9F4DC98B6613}.Debug|iPhoneSimulator.Deploy.0 = Debug|Any CPU
		{01B1ED5E-5A3C-4B4D-BCE7-9F4DC98B6613}.Debug|x64.ActiveCfg = Debug|Any CPU
		{01B1ED5E-5A3C-4B4D-BCE7-9F4DC98B6613}.Debug|x64.Build.0 = Debug|Any CPU
		{01B1ED5E-5A3C-4B4D-BCE7-9F4DC98B6613}.Debug|x64.Deploy.0 = Debug|Any CPU
		{01B1ED5E-5A3C-4B4D-BCE7-9F4DC98B6613}.Debug|x86.ActiveCfg = Debug|Any CPU
		{01B1ED5E-5A3C-4B4D-BCE7-9F4DC98B6613}.Debug|x86.Build.0 = Debug|Any CPU
		{01B1ED5E-5A3C-4B4D-BCE7-9F4DC98B6613}.Debug|x86.Deploy.0 = Debug|Any CPU
		{01B1ED5E-5A3C-4B4D-BCE7-9F4DC98B6613}.Release|Any CPU.ActiveCfg = Release|Any CPU
		{01B1ED5E-5A3C-4B4D-BCE7-9F4DC98B6613}.Release|Any CPU.Build.0 = Release|Any CPU
		{01B1ED5E-5A3C-4B4D-BCE7-9F4DC98B6613}.Release|Any CPU.Deploy.0 = Release|Any CPU
		{01B1ED5E-5A3C-4B4D-BCE7-9F4DC98B6613}.Release|ARM.ActiveCfg = Release|Any CPU
		{01B1ED5E-5A3C-4B4D-BCE7-9F4DC98B6613}.Release|ARM.Build.0 = Release|Any CPU
		{01B1ED5E-5A3C-4B4D-BCE7-9F4DC98B6613}.Release|ARM.Deploy.0 = Release|Any CPU
		{01B1ED5E-5A3C-4B4D-BCE7-9F4DC98B6613}.Release|iPhone.ActiveCfg = Release|Any CPU
		{01B1ED5E-5A3C-4B4D-BCE7-9F4DC98B6613}.Release|iPhone.Build.0 = Release|Any CPU
		{01B1ED5E-5A3C-4B4D-BCE7-9F4DC98B6613}.Release|iPhone.Deploy.0 = Release|Any CPU
		{01B1ED5E-5A3C-4B4D-BCE7-9F4DC98B6613}.Release|iPhoneSimulator.ActiveCfg = Release|Any CPU
		{01B1ED5E-5A3C-4B4D-BCE7-9F4DC98B6613}.Release|iPhoneSimulator.Build.0 = Release|Any CPU
		{01B1ED5E-5A3C-4B4D-BCE7-9F4DC98B6613}.Release|iPhoneSimulator.Deploy.0 = Release|Any CPU
		{01B1ED5E-5A3C-4B4D-BCE7-9F4DC98B6613}.Release|x64.ActiveCfg = Release|Any CPU
		{01B1ED5E-5A3C-4B4D-BCE7-9F4DC98B6613}.Release|x64.Build.0 = Release|Any CPU
		{01B1ED5E-5A3C-4B4D-BCE7-9F4DC98B6613}.Release|x64.Deploy.0 = Release|Any CPU
		{01B1ED5E-5A3C-4B4D-BCE7-9F4DC98B6613}.Release|x86.ActiveCfg = Release|Any CPU
		{01B1ED5E-5A3C-4B4D-BCE7-9F4DC98B6613}.Release|x86.Build.0 = Release|Any CPU
		{01B1ED5E-5A3C-4B4D-BCE7-9F4DC98B6613}.Release|x86.Deploy.0 = Release|Any CPU
		{5F3624FF-F0EA-4C00-829C-84FDB8530B85}.Ad-Hoc|Any CPU.ActiveCfg = Ad-Hoc|iPhone
		{5F3624FF-F0EA-4C00-829C-84FDB8530B85}.Ad-Hoc|ARM.ActiveCfg = Ad-Hoc|iPhone
		{5F3624FF-F0EA-4C00-829C-84FDB8530B85}.Ad-Hoc|iPhone.ActiveCfg = Ad-Hoc|iPhone
		{5F3624FF-F0EA-4C00-829C-84FDB8530B85}.Ad-Hoc|iPhone.Build.0 = Ad-Hoc|iPhone
		{5F3624FF-F0EA-4C00-829C-84FDB8530B85}.Ad-Hoc|iPhoneSimulator.ActiveCfg = Ad-Hoc|iPhoneSimulator
		{5F3624FF-F0EA-4C00-829C-84FDB8530B85}.Ad-Hoc|iPhoneSimulator.Build.0 = Ad-Hoc|iPhoneSimulator
		{5F3624FF-F0EA-4C00-829C-84FDB8530B85}.Ad-Hoc|x64.ActiveCfg = Ad-Hoc|iPhone
		{5F3624FF-F0EA-4C00-829C-84FDB8530B85}.Ad-Hoc|x86.ActiveCfg = Ad-Hoc|iPhone
		{5F3624FF-F0EA-4C00-829C-84FDB8530B85}.AppStore|Any CPU.ActiveCfg = AppStore|iPhone
		{5F3624FF-F0EA-4C00-829C-84FDB8530B85}.AppStore|ARM.ActiveCfg = AppStore|iPhone
		{5F3624FF-F0EA-4C00-829C-84FDB8530B85}.AppStore|iPhone.ActiveCfg = AppStore|iPhone
		{5F3624FF-F0EA-4C00-829C-84FDB8530B85}.AppStore|iPhone.Build.0 = AppStore|iPhone
		{5F3624FF-F0EA-4C00-829C-84FDB8530B85}.AppStore|iPhoneSimulator.ActiveCfg = AppStore|iPhoneSimulator
		{5F3624FF-F0EA-4C00-829C-84FDB8530B85}.AppStore|iPhoneSimulator.Build.0 = AppStore|iPhoneSimulator
		{5F3624FF-F0EA-4C00-829C-84FDB8530B85}.AppStore|x64.ActiveCfg = AppStore|iPhone
		{5F3624FF-F0EA-4C00-829C-84FDB8530B85}.AppStore|x86.ActiveCfg = AppStore|iPhone
		{5F3624FF-F0EA-4C00-829C-84FDB8530B85}.Debug|Any CPU.ActiveCfg = Debug|iPhone
		{5F3624FF-F0EA-4C00-829C-84FDB8530B85}.Debug|ARM.ActiveCfg = Debug|iPhone
		{5F3624FF-F0EA-4C00-829C-84FDB8530B85}.Debug|iPhone.ActiveCfg = Debug|iPhoneSimulator
		{5F3624FF-F0EA-4C00-829C-84FDB8530B85}.Debug|iPhone.Build.0 = Debug|iPhoneSimulator
		{5F3624FF-F0EA-4C00-829C-84FDB8530B85}.Debug|iPhoneSimulator.ActiveCfg = Debug|iPhoneSimulator
		{5F3624FF-F0EA-4C00-829C-84FDB8530B85}.Debug|iPhoneSimulator.Build.0 = Debug|iPhoneSimulator
		{5F3624FF-F0EA-4C00-829C-84FDB8530B85}.Debug|x64.ActiveCfg = Debug|iPhone
		{5F3624FF-F0EA-4C00-829C-84FDB8530B85}.Debug|x86.ActiveCfg = Debug|iPhone
		{5F3624FF-F0EA-4C00-829C-84FDB8530B85}.Release|Any CPU.ActiveCfg = Release|iPhone
		{5F3624FF-F0EA-4C00-829C-84FDB8530B85}.Release|ARM.ActiveCfg = Release|iPhone
		{5F3624FF-F0EA-4C00-829C-84FDB8530B85}.Release|iPhone.ActiveCfg = Release|iPhone
		{5F3624FF-F0EA-4C00-829C-84FDB8530B85}.Release|iPhone.Build.0 = Release|iPhone
		{5F3624FF-F0EA-4C00-829C-84FDB8530B85}.Release|iPhoneSimulator.ActiveCfg = Release|iPhoneSimulator
		{5F3624FF-F0EA-4C00-829C-84FDB8530B85}.Release|iPhoneSimulator.Build.0 = Release|iPhoneSimulator
		{5F3624FF-F0EA-4C00-829C-84FDB8530B85}.Release|x64.ActiveCfg = Release|iPhone
		{5F3624FF-F0EA-4C00-829C-84FDB8530B85}.Release|x86.ActiveCfg = Release|iPhone
		{38FCD057-689E-47EC-9A6F-75E4F4A9A94F}.Ad-Hoc|Any CPU.ActiveCfg = Release|Any CPU
		{38FCD057-689E-47EC-9A6F-75E4F4A9A94F}.Ad-Hoc|Any CPU.Build.0 = Release|Any CPU
		{38FCD057-689E-47EC-9A6F-75E4F4A9A94F}.Ad-Hoc|Any CPU.Deploy.0 = Release|Any CPU
		{38FCD057-689E-47EC-9A6F-75E4F4A9A94F}.Ad-Hoc|ARM.ActiveCfg = Release|ARM
		{38FCD057-689E-47EC-9A6F-75E4F4A9A94F}.Ad-Hoc|ARM.Build.0 = Release|ARM
		{38FCD057-689E-47EC-9A6F-75E4F4A9A94F}.Ad-Hoc|ARM.Deploy.0 = Release|ARM
		{38FCD057-689E-47EC-9A6F-75E4F4A9A94F}.Ad-Hoc|iPhone.ActiveCfg = Release|Any CPU
		{38FCD057-689E-47EC-9A6F-75E4F4A9A94F}.Ad-Hoc|iPhone.Build.0 = Release|Any CPU
		{38FCD057-689E-47EC-9A6F-75E4F4A9A94F}.Ad-Hoc|iPhone.Deploy.0 = Release|Any CPU
		{38FCD057-689E-47EC-9A6F-75E4F4A9A94F}.Ad-Hoc|iPhoneSimulator.ActiveCfg = Release|Any CPU
		{38FCD057-689E-47EC-9A6F-75E4F4A9A94F}.Ad-Hoc|iPhoneSimulator.Build.0 = Release|Any CPU
		{38FCD057-689E-47EC-9A6F-75E4F4A9A94F}.Ad-Hoc|iPhoneSimulator.Deploy.0 = Release|Any CPU
		{38FCD057-689E-47EC-9A6F-75E4F4A9A94F}.Ad-Hoc|x64.ActiveCfg = Release|Any CPU
		{38FCD057-689E-47EC-9A6F-75E4F4A9A94F}.Ad-Hoc|x64.Build.0 = Release|Any CPU
		{38FCD057-689E-47EC-9A6F-75E4F4A9A94F}.Ad-Hoc|x64.Deploy.0 = Release|Any CPU
		{38FCD057-689E-47EC-9A6F-75E4F4A9A94F}.Ad-Hoc|x86.ActiveCfg = Release|x86
		{38FCD057-689E-47EC-9A6F-75E4F4A9A94F}.Ad-Hoc|x86.Build.0 = Release|x86
		{38FCD057-689E-47EC-9A6F-75E4F4A9A94F}.Ad-Hoc|x86.Deploy.0 = Release|x86
		{38FCD057-689E-47EC-9A6F-75E4F4A9A94F}.AppStore|Any CPU.ActiveCfg = Release|Any CPU
		{38FCD057-689E-47EC-9A6F-75E4F4A9A94F}.AppStore|Any CPU.Build.0 = Release|Any CPU
		{38FCD057-689E-47EC-9A6F-75E4F4A9A94F}.AppStore|Any CPU.Deploy.0 = Release|Any CPU
		{38FCD057-689E-47EC-9A6F-75E4F4A9A94F}.AppStore|ARM.ActiveCfg = Release|ARM
		{38FCD057-689E-47EC-9A6F-75E4F4A9A94F}.AppStore|ARM.Build.0 = Release|ARM
		{38FCD057-689E-47EC-9A6F-75E4F4A9A94F}.AppStore|ARM.Deploy.0 = Release|ARM
		{38FCD057-689E-47EC-9A6F-75E4F4A9A94F}.AppStore|iPhone.ActiveCfg = Release|Any CPU
		{38FCD057-689E-47EC-9A6F-75E4F4A9A94F}.AppStore|iPhone.Build.0 = Release|Any CPU
		{38FCD057-689E-47EC-9A6F-75E4F4A9A94F}.AppStore|iPhone.Deploy.0 = Release|Any CPU
		{38FCD057-689E-47EC-9A6F-75E4F4A9A94F}.AppStore|iPhoneSimulator.ActiveCfg = Release|Any CPU
		{38FCD057-689E-47EC-9A6F-75E4F4A9A94F}.AppStore|iPhoneSimulator.Build.0 = Release|Any CPU
		{38FCD057-689E-47EC-9A6F-75E4F4A9A94F}.AppStore|iPhoneSimulator.Deploy.0 = Release|Any CPU
		{38FCD057-689E-47EC-9A6F-75E4F4A9A94F}.AppStore|x64.ActiveCfg = Release|Any CPU
		{38FCD057-689E-47EC-9A6F-75E4F4A9A94F}.AppStore|x64.Build.0 = Release|Any CPU
		{38FCD057-689E-47EC-9A6F-75E4F4A9A94F}.AppStore|x64.Deploy.0 = Release|Any CPU
		{38FCD057-689E-47EC-9A6F-75E4F4A9A94F}.AppStore|x86.ActiveCfg = Release|x86
		{38FCD057-689E-47EC-9A6F-75E4F4A9A94F}.AppStore|x86.Build.0 = Release|x86
		{38FCD057-689E-47EC-9A6F-75E4F4A9A94F}.AppStore|x86.Deploy.0 = Release|x86
		{38FCD057-689E-47EC-9A6F-75E4F4A9A94F}.Debug|Any CPU.ActiveCfg = Debug|Any CPU
		{38FCD057-689E-47EC-9A6F-75E4F4A9A94F}.Debug|Any CPU.Build.0 = Debug|Any CPU
		{38FCD057-689E-47EC-9A6F-75E4F4A9A94F}.Debug|Any CPU.Deploy.0 = Debug|Any CPU
		{38FCD057-689E-47EC-9A6F-75E4F4A9A94F}.Debug|ARM.ActiveCfg = Debug|ARM
		{38FCD057-689E-47EC-9A6F-75E4F4A9A94F}.Debug|ARM.Build.0 = Debug|ARM
		{38FCD057-689E-47EC-9A6F-75E4F4A9A94F}.Debug|ARM.Deploy.0 = Debug|ARM
		{38FCD057-689E-47EC-9A6F-75E4F4A9A94F}.Debug|iPhone.ActiveCfg = Debug|Any CPU
		{38FCD057-689E-47EC-9A6F-75E4F4A9A94F}.Debug|iPhone.Build.0 = Debug|Any CPU
		{38FCD057-689E-47EC-9A6F-75E4F4A9A94F}.Debug|iPhone.Deploy.0 = Debug|Any CPU
		{38FCD057-689E-47EC-9A6F-75E4F4A9A94F}.Debug|iPhoneSimulator.ActiveCfg = Debug|Any CPU
		{38FCD057-689E-47EC-9A6F-75E4F4A9A94F}.Debug|iPhoneSimulator.Build.0 = Debug|Any CPU
		{38FCD057-689E-47EC-9A6F-75E4F4A9A94F}.Debug|iPhoneSimulator.Deploy.0 = Debug|Any CPU
		{38FCD057-689E-47EC-9A6F-75E4F4A9A94F}.Debug|x64.ActiveCfg = Debug|Any CPU
		{38FCD057-689E-47EC-9A6F-75E4F4A9A94F}.Debug|x64.Build.0 = Debug|Any CPU
		{38FCD057-689E-47EC-9A6F-75E4F4A9A94F}.Debug|x64.Deploy.0 = Debug|Any CPU
		{38FCD057-689E-47EC-9A6F-75E4F4A9A94F}.Debug|x86.ActiveCfg = Debug|x86
		{38FCD057-689E-47EC-9A6F-75E4F4A9A94F}.Debug|x86.Build.0 = Debug|x86
		{38FCD057-689E-47EC-9A6F-75E4F4A9A94F}.Debug|x86.Deploy.0 = Debug|x86
		{38FCD057-689E-47EC-9A6F-75E4F4A9A94F}.Release|Any CPU.ActiveCfg = Release|Any CPU
		{38FCD057-689E-47EC-9A6F-75E4F4A9A94F}.Release|Any CPU.Build.0 = Release|Any CPU
		{38FCD057-689E-47EC-9A6F-75E4F4A9A94F}.Release|Any CPU.Deploy.0 = Release|Any CPU
		{38FCD057-689E-47EC-9A6F-75E4F4A9A94F}.Release|ARM.ActiveCfg = Release|ARM
		{38FCD057-689E-47EC-9A6F-75E4F4A9A94F}.Release|ARM.Build.0 = Release|ARM
		{38FCD057-689E-47EC-9A6F-75E4F4A9A94F}.Release|ARM.Deploy.0 = Release|ARM
		{38FCD057-689E-47EC-9A6F-75E4F4A9A94F}.Release|iPhone.ActiveCfg = Release|Any CPU
		{38FCD057-689E-47EC-9A6F-75E4F4A9A94F}.Release|iPhone.Build.0 = Release|Any CPU
		{38FCD057-689E-47EC-9A6F-75E4F4A9A94F}.Release|iPhone.Deploy.0 = Release|Any CPU
		{38FCD057-689E-47EC-9A6F-75E4F4A9A94F}.Release|iPhoneSimulator.ActiveCfg = Release|Any CPU
		{38FCD057-689E-47EC-9A6F-75E4F4A9A94F}.Release|iPhoneSimulator.Build.0 = Release|Any CPU
		{38FCD057-689E-47EC-9A6F-75E4F4A9A94F}.Release|iPhoneSimulator.Deploy.0 = Release|Any CPU
		{38FCD057-689E-47EC-9A6F-75E4F4A9A94F}.Release|x64.ActiveCfg = Release|Any CPU
		{38FCD057-689E-47EC-9A6F-75E4F4A9A94F}.Release|x64.Build.0 = Release|Any CPU
		{38FCD057-689E-47EC-9A6F-75E4F4A9A94F}.Release|x64.Deploy.0 = Release|Any CPU
		{38FCD057-689E-47EC-9A6F-75E4F4A9A94F}.Release|x86.ActiveCfg = Release|x86
		{38FCD057-689E-47EC-9A6F-75E4F4A9A94F}.Release|x86.Build.0 = Release|x86
		{38FCD057-689E-47EC-9A6F-75E4F4A9A94F}.Release|x86.Deploy.0 = Release|x86
		{93650ABC-2801-40EA-91F0-145270685256}.Ad-Hoc|Any CPU.ActiveCfg = Release|x86
		{93650ABC-2801-40EA-91F0-145270685256}.Ad-Hoc|Any CPU.Build.0 = Release|x86
		{93650ABC-2801-40EA-91F0-145270685256}.Ad-Hoc|Any CPU.Deploy.0 = Release|x86
		{93650ABC-2801-40EA-91F0-145270685256}.Ad-Hoc|ARM.ActiveCfg = Release|ARM
		{93650ABC-2801-40EA-91F0-145270685256}.Ad-Hoc|ARM.Build.0 = Release|ARM
		{93650ABC-2801-40EA-91F0-145270685256}.Ad-Hoc|ARM.Deploy.0 = Release|ARM
		{93650ABC-2801-40EA-91F0-145270685256}.Ad-Hoc|iPhone.ActiveCfg = Release|x86
		{93650ABC-2801-40EA-91F0-145270685256}.Ad-Hoc|iPhone.Build.0 = Release|x86
		{93650ABC-2801-40EA-91F0-145270685256}.Ad-Hoc|iPhone.Deploy.0 = Release|x86
		{93650ABC-2801-40EA-91F0-145270685256}.Ad-Hoc|iPhoneSimulator.ActiveCfg = Release|x86
		{93650ABC-2801-40EA-91F0-145270685256}.Ad-Hoc|iPhoneSimulator.Build.0 = Release|x86
		{93650ABC-2801-40EA-91F0-145270685256}.Ad-Hoc|iPhoneSimulator.Deploy.0 = Release|x86
		{93650ABC-2801-40EA-91F0-145270685256}.Ad-Hoc|x64.ActiveCfg = Release|x64
		{93650ABC-2801-40EA-91F0-145270685256}.Ad-Hoc|x64.Build.0 = Release|x64
		{93650ABC-2801-40EA-91F0-145270685256}.Ad-Hoc|x64.Deploy.0 = Release|x64
		{93650ABC-2801-40EA-91F0-145270685256}.Ad-Hoc|x86.ActiveCfg = Release|x86
		{93650ABC-2801-40EA-91F0-145270685256}.Ad-Hoc|x86.Build.0 = Release|x86
		{93650ABC-2801-40EA-91F0-145270685256}.Ad-Hoc|x86.Deploy.0 = Release|x86
		{93650ABC-2801-40EA-91F0-145270685256}.AppStore|Any CPU.ActiveCfg = Release|x86
		{93650ABC-2801-40EA-91F0-145270685256}.AppStore|Any CPU.Build.0 = Release|x86
		{93650ABC-2801-40EA-91F0-145270685256}.AppStore|Any CPU.Deploy.0 = Release|x86
		{93650ABC-2801-40EA-91F0-145270685256}.AppStore|ARM.ActiveCfg = Release|ARM
		{93650ABC-2801-40EA-91F0-145270685256}.AppStore|ARM.Build.0 = Release|ARM
		{93650ABC-2801-40EA-91F0-145270685256}.AppStore|ARM.Deploy.0 = Release|ARM
		{93650ABC-2801-40EA-91F0-145270685256}.AppStore|iPhone.ActiveCfg = Release|x86
		{93650ABC-2801-40EA-91F0-145270685256}.AppStore|iPhone.Build.0 = Release|x86
		{93650ABC-2801-40EA-91F0-145270685256}.AppStore|iPhone.Deploy.0 = Release|x86
		{93650ABC-2801-40EA-91F0-145270685256}.AppStore|iPhoneSimulator.ActiveCfg = Release|x86
		{93650ABC-2801-40EA-91F0-145270685256}.AppStore|iPhoneSimulator.Build.0 = Release|x86
		{93650ABC-2801-40EA-91F0-145270685256}.AppStore|iPhoneSimulator.Deploy.0 = Release|x86
		{93650ABC-2801-40EA-91F0-145270685256}.AppStore|x64.ActiveCfg = Release|x64
		{93650ABC-2801-40EA-91F0-145270685256}.AppStore|x64.Build.0 = Release|x64
		{93650ABC-2801-40EA-91F0-145270685256}.AppStore|x64.Deploy.0 = Release|x64
		{93650ABC-2801-40EA-91F0-145270685256}.AppStore|x86.ActiveCfg = Release|x86
		{93650ABC-2801-40EA-91F0-145270685256}.AppStore|x86.Build.0 = Release|x86
		{93650ABC-2801-40EA-91F0-145270685256}.AppStore|x86.Deploy.0 = Release|x86
		{93650ABC-2801-40EA-91F0-145270685256}.Debug|Any CPU.ActiveCfg = Debug|x86
		{93650ABC-2801-40EA-91F0-145270685256}.Debug|ARM.ActiveCfg = Debug|ARM
		{93650ABC-2801-40EA-91F0-145270685256}.Debug|ARM.Build.0 = Debug|ARM
		{93650ABC-2801-40EA-91F0-145270685256}.Debug|ARM.Deploy.0 = Debug|ARM
		{93650ABC-2801-40EA-91F0-145270685256}.Debug|iPhone.ActiveCfg = Debug|x86
		{93650ABC-2801-40EA-91F0-145270685256}.Debug|iPhoneSimulator.ActiveCfg = Debug|x86
		{93650ABC-2801-40EA-91F0-145270685256}.Debug|x64.ActiveCfg = Debug|x64
		{93650ABC-2801-40EA-91F0-145270685256}.Debug|x64.Build.0 = Debug|x64
		{93650ABC-2801-40EA-91F0-145270685256}.Debug|x64.Deploy.0 = Debug|x64
		{93650ABC-2801-40EA-91F0-145270685256}.Debug|x86.ActiveCfg = Debug|x86
		{93650ABC-2801-40EA-91F0-145270685256}.Debug|x86.Build.0 = Debug|x86
		{93650ABC-2801-40EA-91F0-145270685256}.Debug|x86.Deploy.0 = Debug|x86
		{93650ABC-2801-40EA-91F0-145270685256}.Release|Any CPU.ActiveCfg = Release|x86
		{93650ABC-2801-40EA-91F0-145270685256}.Release|ARM.ActiveCfg = Release|ARM
		{93650ABC-2801-40EA-91F0-145270685256}.Release|ARM.Build.0 = Release|ARM
		{93650ABC-2801-40EA-91F0-145270685256}.Release|ARM.Deploy.0 = Release|ARM
		{93650ABC-2801-40EA-91F0-145270685256}.Release|iPhone.ActiveCfg = Release|x86
		{93650ABC-2801-40EA-91F0-145270685256}.Release|iPhoneSimulator.ActiveCfg = Release|x86
		{93650ABC-2801-40EA-91F0-145270685256}.Release|x64.ActiveCfg = Release|x64
		{93650ABC-2801-40EA-91F0-145270685256}.Release|x64.Build.0 = Release|x64
		{93650ABC-2801-40EA-91F0-145270685256}.Release|x64.Deploy.0 = Release|x64
		{93650ABC-2801-40EA-91F0-145270685256}.Release|x86.ActiveCfg = Release|x86
		{93650ABC-2801-40EA-91F0-145270685256}.Release|x86.Build.0 = Release|x86
		{93650ABC-2801-40EA-91F0-145270685256}.Release|x86.Deploy.0 = Release|x86
		{B8594004-DD3C-48A6-9D51-E5F8D0F75CA0}.Ad-Hoc|Any CPU.ActiveCfg = Release|Any CPU
		{B8594004-DD3C-48A6-9D51-E5F8D0F75CA0}.Ad-Hoc|Any CPU.Build.0 = Release|Any CPU
		{B8594004-DD3C-48A6-9D51-E5F8D0F75CA0}.Ad-Hoc|Any CPU.Deploy.0 = Release|Any CPU
		{B8594004-DD3C-48A6-9D51-E5F8D0F75CA0}.Ad-Hoc|ARM.ActiveCfg = Release|ARM
		{B8594004-DD3C-48A6-9D51-E5F8D0F75CA0}.Ad-Hoc|ARM.Build.0 = Release|ARM
		{B8594004-DD3C-48A6-9D51-E5F8D0F75CA0}.Ad-Hoc|ARM.Deploy.0 = Release|ARM
		{B8594004-DD3C-48A6-9D51-E5F8D0F75CA0}.Ad-Hoc|iPhone.ActiveCfg = Release|Any CPU
		{B8594004-DD3C-48A6-9D51-E5F8D0F75CA0}.Ad-Hoc|iPhone.Build.0 = Release|Any CPU
		{B8594004-DD3C-48A6-9D51-E5F8D0F75CA0}.Ad-Hoc|iPhone.Deploy.0 = Release|Any CPU
		{B8594004-DD3C-48A6-9D51-E5F8D0F75CA0}.Ad-Hoc|iPhoneSimulator.ActiveCfg = Release|Any CPU
		{B8594004-DD3C-48A6-9D51-E5F8D0F75CA0}.Ad-Hoc|iPhoneSimulator.Build.0 = Release|Any CPU
		{B8594004-DD3C-48A6-9D51-E5F8D0F75CA0}.Ad-Hoc|iPhoneSimulator.Deploy.0 = Release|Any CPU
		{B8594004-DD3C-48A6-9D51-E5F8D0F75CA0}.Ad-Hoc|x64.ActiveCfg = Release|x64
		{B8594004-DD3C-48A6-9D51-E5F8D0F75CA0}.Ad-Hoc|x64.Build.0 = Release|x64
		{B8594004-DD3C-48A6-9D51-E5F8D0F75CA0}.Ad-Hoc|x64.Deploy.0 = Release|x64
		{B8594004-DD3C-48A6-9D51-E5F8D0F75CA0}.Ad-Hoc|x86.ActiveCfg = Release|x86
		{B8594004-DD3C-48A6-9D51-E5F8D0F75CA0}.Ad-Hoc|x86.Build.0 = Release|x86
		{B8594004-DD3C-48A6-9D51-E5F8D0F75CA0}.Ad-Hoc|x86.Deploy.0 = Release|x86
		{B8594004-DD3C-48A6-9D51-E5F8D0F75CA0}.AppStore|Any CPU.ActiveCfg = Release|Any CPU
		{B8594004-DD3C-48A6-9D51-E5F8D0F75CA0}.AppStore|Any CPU.Build.0 = Release|Any CPU
		{B8594004-DD3C-48A6-9D51-E5F8D0F75CA0}.AppStore|Any CPU.Deploy.0 = Release|Any CPU
		{B8594004-DD3C-48A6-9D51-E5F8D0F75CA0}.AppStore|ARM.ActiveCfg = Release|ARM
		{B8594004-DD3C-48A6-9D51-E5F8D0F75CA0}.AppStore|ARM.Build.0 = Release|ARM
		{B8594004-DD3C-48A6-9D51-E5F8D0F75CA0}.AppStore|ARM.Deploy.0 = Release|ARM
		{B8594004-DD3C-48A6-9D51-E5F8D0F75CA0}.AppStore|iPhone.ActiveCfg = Release|Any CPU
		{B8594004-DD3C-48A6-9D51-E5F8D0F75CA0}.AppStore|iPhone.Build.0 = Release|Any CPU
		{B8594004-DD3C-48A6-9D51-E5F8D0F75CA0}.AppStore|iPhone.Deploy.0 = Release|Any CPU
		{B8594004-DD3C-48A6-9D51-E5F8D0F75CA0}.AppStore|iPhoneSimulator.ActiveCfg = Release|Any CPU
		{B8594004-DD3C-48A6-9D51-E5F8D0F75CA0}.AppStore|iPhoneSimulator.Build.0 = Release|Any CPU
		{B8594004-DD3C-48A6-9D51-E5F8D0F75CA0}.AppStore|iPhoneSimulator.Deploy.0 = Release|Any CPU
		{B8594004-DD3C-48A6-9D51-E5F8D0F75CA0}.AppStore|x64.ActiveCfg = Release|x64
		{B8594004-DD3C-48A6-9D51-E5F8D0F75CA0}.AppStore|x64.Build.0 = Release|x64
		{B8594004-DD3C-48A6-9D51-E5F8D0F75CA0}.AppStore|x64.Deploy.0 = Release|x64
		{B8594004-DD3C-48A6-9D51-E5F8D0F75CA0}.AppStore|x86.ActiveCfg = Release|x86
		{B8594004-DD3C-48A6-9D51-E5F8D0F75CA0}.AppStore|x86.Build.0 = Release|x86
		{B8594004-DD3C-48A6-9D51-E5F8D0F75CA0}.AppStore|x86.Deploy.0 = Release|x86
		{B8594004-DD3C-48A6-9D51-E5F8D0F75CA0}.Debug|Any CPU.ActiveCfg = Debug|Any CPU
		{B8594004-DD3C-48A6-9D51-E5F8D0F75CA0}.Debug|Any CPU.Build.0 = Debug|Any CPU
		{B8594004-DD3C-48A6-9D51-E5F8D0F75CA0}.Debug|Any CPU.Deploy.0 = Debug|Any CPU
		{B8594004-DD3C-48A6-9D51-E5F8D0F75CA0}.Debug|ARM.ActiveCfg = Debug|ARM
		{B8594004-DD3C-48A6-9D51-E5F8D0F75CA0}.Debug|ARM.Build.0 = Debug|ARM
		{B8594004-DD3C-48A6-9D51-E5F8D0F75CA0}.Debug|ARM.Deploy.0 = Debug|ARM
		{B8594004-DD3C-48A6-9D51-E5F8D0F75CA0}.Debug|iPhone.ActiveCfg = Debug|Any CPU
		{B8594004-DD3C-48A6-9D51-E5F8D0F75CA0}.Debug|iPhone.Build.0 = Debug|Any CPU
		{B8594004-DD3C-48A6-9D51-E5F8D0F75CA0}.Debug|iPhone.Deploy.0 = Debug|Any CPU
		{B8594004-DD3C-48A6-9D51-E5F8D0F75CA0}.Debug|iPhoneSimulator.ActiveCfg = Debug|Any CPU
		{B8594004-DD3C-48A6-9D51-E5F8D0F75CA0}.Debug|iPhoneSimulator.Build.0 = Debug|Any CPU
		{B8594004-DD3C-48A6-9D51-E5F8D0F75CA0}.Debug|iPhoneSimulator.Deploy.0 = Debug|Any CPU
		{B8594004-DD3C-48A6-9D51-E5F8D0F75CA0}.Debug|x64.ActiveCfg = Debug|x64
		{B8594004-DD3C-48A6-9D51-E5F8D0F75CA0}.Debug|x64.Build.0 = Debug|x64
		{B8594004-DD3C-48A6-9D51-E5F8D0F75CA0}.Debug|x64.Deploy.0 = Debug|x64
		{B8594004-DD3C-48A6-9D51-E5F8D0F75CA0}.Debug|x86.ActiveCfg = Debug|x86
		{B8594004-DD3C-48A6-9D51-E5F8D0F75CA0}.Debug|x86.Build.0 = Debug|x86
		{B8594004-DD3C-48A6-9D51-E5F8D0F75CA0}.Debug|x86.Deploy.0 = Debug|x86
		{B8594004-DD3C-48A6-9D51-E5F8D0F75CA0}.Release|Any CPU.ActiveCfg = Release|Any CPU
		{B8594004-DD3C-48A6-9D51-E5F8D0F75CA0}.Release|Any CPU.Build.0 = Release|Any CPU
		{B8594004-DD3C-48A6-9D51-E5F8D0F75CA0}.Release|Any CPU.Deploy.0 = Release|Any CPU
		{B8594004-DD3C-48A6-9D51-E5F8D0F75CA0}.Release|ARM.ActiveCfg = Release|ARM
		{B8594004-DD3C-48A6-9D51-E5F8D0F75CA0}.Release|ARM.Build.0 = Release|ARM
		{B8594004-DD3C-48A6-9D51-E5F8D0F75CA0}.Release|ARM.Deploy.0 = Release|ARM
		{B8594004-DD3C-48A6-9D51-E5F8D0F75CA0}.Release|iPhone.ActiveCfg = Release|Any CPU
		{B8594004-DD3C-48A6-9D51-E5F8D0F75CA0}.Release|iPhone.Build.0 = Release|Any CPU
		{B8594004-DD3C-48A6-9D51-E5F8D0F75CA0}.Release|iPhone.Deploy.0 = Release|Any CPU
		{B8594004-DD3C-48A6-9D51-E5F8D0F75CA0}.Release|iPhoneSimulator.ActiveCfg = Release|Any CPU
		{B8594004-DD3C-48A6-9D51-E5F8D0F75CA0}.Release|iPhoneSimulator.Build.0 = Release|Any CPU
		{B8594004-DD3C-48A6-9D51-E5F8D0F75CA0}.Release|iPhoneSimulator.Deploy.0 = Release|Any CPU
		{B8594004-DD3C-48A6-9D51-E5F8D0F75CA0}.Release|x64.ActiveCfg = Release|x64
		{B8594004-DD3C-48A6-9D51-E5F8D0F75CA0}.Release|x64.Build.0 = Release|x64
		{B8594004-DD3C-48A6-9D51-E5F8D0F75CA0}.Release|x64.Deploy.0 = Release|x64
		{B8594004-DD3C-48A6-9D51-E5F8D0F75CA0}.Release|x86.ActiveCfg = Release|x86
		{B8594004-DD3C-48A6-9D51-E5F8D0F75CA0}.Release|x86.Build.0 = Release|x86
		{B8594004-DD3C-48A6-9D51-E5F8D0F75CA0}.Release|x86.Deploy.0 = Release|x86
	EndGlobalSection
	GlobalSection(SolutionProperties) = preSolution
		HideSolutionNode = FALSE
	EndGlobalSection
EndGlobal
